
Microsoft Visual Studio Solution File, Format Version 12.00
# Visual Studio Version 17
VisualStudioVersion = 17.2.32630.192
MinimumVisualStudioVersion = 10.0.40219.1
Project("{FAE04EC0-301F-11D3-BF4B-00C04F79EFBC}") = "MVC_App", "MVC_App\MVC_App.csproj", "{47942A98-1F94-42E3-AF07-F430B2D73AA1}"
EndProject
Global
	GlobalSection(SolutionConfigurationPlatforms) = preSolution
		Debug|Any CPU = Debug|Any CPU
		Release|Any CPU = Release|Any CPU
	EndGlobalSection
	GlobalSection(ProjectConfigurationPlatforms) = postSolution
		{47942A98-1F94-42E3-AF07-F430B2D73AA1}.Debug|Any CPU.ActiveCfg = Debug|Any CPU
		{47942A98-1F94-42E3-AF07-F430B2D73AA1}.Debug|Any CPU.Build.0 = Debug|Any CPU
		{47942A98-1F94-42E3-AF07-F430B2D73AA1}.Release|Any CPU.ActiveCfg = Release|Any CPU
		{47942A98-1F94-42E3-AF07-F430B2D73AA1}.Release|Any CPU.Build.0 = Release|Any CPU
	EndGlobalSection
	GlobalSection(SolutionProperties) = preSolution
		HideSolutionNode = FALSE
	EndGlobalSection
	GlobalSection(ExtensibilityGlobals) = postSolution
		SolutionGuid = {3E8C5E9F-F4D1-45C6-AB85-4A579BE97352}
	EndGlobalSection
EndGlobal
