
Microsoft Visual Studio Solution File, Format Version 12.00
# Visual Studio Version 17
VisualStudioVersion = 17.2.32630.192
MinimumVisualStudioVersion = 10.0.40219.1
Project("{FAE04EC0-301F-11D3-BF4B-00C04F79EFBC}") = "Dz3", "Dz3\Dz3.csproj", "{B24FC796-1910-4EFE-8810-451CAD04899A}"
EndProject
Global
	GlobalSection(SolutionConfigurationPlatforms) = preSolution
		Debug|Any CPU = Debug|Any CPU
		Release|Any CPU = Release|Any CPU
	EndGlobalSection
	GlobalSection(ProjectConfigurationPlatforms) = postSolution
		{B24FC796-1910-4EFE-8810-451CAD04899A}.Debug|Any CPU.ActiveCfg = Debug|Any CPU
		{B24FC796-1910-4EFE-8810-451CAD04899A}.Debug|Any CPU.Build.0 = Debug|Any CPU
		{B24FC796-1910-4EFE-8810-451CAD04899A}.Release|Any CPU.ActiveCfg = Release|Any CPU
		{B24FC796-1910-4EFE-8810-451CAD04899A}.Release|Any CPU.Build.0 = Release|Any CPU
	EndGlobalSection
	GlobalSection(SolutionProperties) = preSolution
		HideSolutionNode = FALSE
	EndGlobalSection
	GlobalSection(ExtensibilityGlobals) = postSolution
		SolutionGuid = {8ED650F2-1297-446C-8734-AF86022FFFF6}
	EndGlobalSection
EndGlobal
