
Microsoft Visual Studio Solution File, Format Version 12.00
# Visual Studio Version 17
VisualStudioVersion = 17.2.32630.192
MinimumVisualStudioVersion = 10.0.40219.1
Project("{FAE04EC0-301F-11D3-BF4B-00C04F79EFBC}") = "WebApplication_MVC_Bind", "WebApplication_MVC_Bind\WebApplication_MVC_Bind.csproj", "{D4E12A98-3A31-403F-B950-A1AA9962DD0B}"
EndProject
Global
	GlobalSection(SolutionConfigurationPlatforms) = preSolution
		Debug|Any CPU = Debug|Any CPU
		Release|Any CPU = Release|Any CPU
	EndGlobalSection
	GlobalSection(ProjectConfigurationPlatforms) = postSolution
		{D4E12A98-3A31-403F-B950-A1AA9962DD0B}.Debug|Any CPU.ActiveCfg = Debug|Any CPU
		{D4E12A98-3A31-403F-B950-A1AA9962DD0B}.Debug|Any CPU.Build.0 = Debug|Any CPU
		{D4E12A98-3A31-403F-B950-A1AA9962DD0B}.Release|Any CPU.ActiveCfg = Release|Any CPU
		{D4E12A98-3A31-403F-B950-A1AA9962DD0B}.Release|Any CPU.Build.0 = Release|Any CPU
	EndGlobalSection
	GlobalSection(SolutionProperties) = preSolution
		HideSolutionNode = FALSE
	EndGlobalSection
	GlobalSection(ExtensibilityGlobals) = postSolution
		SolutionGuid = {A8112ECE-9B6B-4132-8539-EC025115AAC6}
	EndGlobalSection
EndGlobal
